
Microsoft Visual Studio Solution File, Format Version 12.00
# Visual Studio Version 17
VisualStudioVersion = 17.7.34202.233
MinimumVisualStudioVersion = 10.0.40219.1
Project("{FAE04EC0-301F-11D3-BF4B-00C04F79EFBC}") = "productAPI", "productAPI\productAPI.csproj", "{BF9A23FD-594F-408E-AA30-678C57A59C88}"
EndProject
Global
	GlobalSection(SolutionConfigurationPlatforms) = preSolution
		Debug|Any CPU = Debug|Any CPU
		Release|Any CPU = Release|Any CPU
	EndGlobalSection
	GlobalSection(ProjectConfigurationPlatforms) = postSolution
		{BF9A23FD-594F-408E-AA30-678C57A59C88}.Debug|Any CPU.ActiveCfg = Debug|Any CPU
		{BF9A23FD-594F-408E-AA30-678C57A59C88}.Debug|Any CPU.Build.0 = Debug|Any CPU
		{BF9A23FD-594F-408E-AA30-678C57A59C88}.Release|Any CPU.ActiveCfg = Release|Any CPU
		{BF9A23FD-594F-408E-AA30-678C57A59C88}.Release|Any CPU.Build.0 = Release|Any CPU
	EndGlobalSection
	GlobalSection(SolutionProperties) = preSolution
		HideSolutionNode = FALSE
	EndGlobalSection
	GlobalSection(ExtensibilityGlobals) = postSolution
		SolutionGuid = {78DD6728-796C-4128-B66C-C399C4FDADF4}
	EndGlobalSection
EndGlobal
