
Microsoft Visual Studio Solution File, Format Version 12.00
# Visual Studio Version 17
VisualStudioVersion = 17.7.34202.233
MinimumVisualStudioVersion = 10.0.40219.1
Project("{FAE04EC0-301F-11D3-BF4B-00C04F79EFBC}") = "shobhit_week2_ConsoleApp", "shobhit_week2_ConsoleApp\shobhit_week2_ConsoleApp.csproj", "{A97A53C2-678E-4886-A4FC-7BC0B00D2C37}"
EndProject
Global
	GlobalSection(SolutionConfigurationPlatforms) = preSolution
		Debug|Any CPU = Debug|Any CPU
		Release|Any CPU = Release|Any CPU
	EndGlobalSection
	GlobalSection(ProjectConfigurationPlatforms) = postSolution
		{A97A53C2-678E-4886-A4FC-7BC0B00D2C37}.Debug|Any CPU.ActiveCfg = Debug|Any CPU
		{A97A53C2-678E-4886-A4FC-7BC0B00D2C37}.Debug|Any CPU.Build.0 = Debug|Any CPU
		{A97A53C2-678E-4886-A4FC-7BC0B00D2C37}.Release|Any CPU.ActiveCfg = Release|Any CPU
		{A97A53C2-678E-4886-A4FC-7BC0B00D2C37}.Release|Any CPU.Build.0 = Release|Any CPU
	EndGlobalSection
	GlobalSection(SolutionProperties) = preSolution
		HideSolutionNode = FALSE
	EndGlobalSection
	GlobalSection(ExtensibilityGlobals) = postSolution
		SolutionGuid = {EF62D820-711E-41E7-B18E-7187B2EE4804}
	EndGlobalSection
EndGlobal
