
Microsoft Visual Studio Solution File, Format Version 12.00
# Visual Studio Version 17
VisualStudioVersion = 17.7.34202.233
MinimumVisualStudioVersion = 10.0.40219.1
Project("{FAE04EC0-301F-11D3-BF4B-00C04F79EFBC}") = "MyFirstConsoleApp", "MyFirstConsoleApp\MyFirstConsoleApp.csproj", "{2FD21CA3-B759-4124-9BF2-E60EEC632550}"
EndProject
Global
	GlobalSection(SolutionConfigurationPlatforms) = preSolution
		Debug|Any CPU = Debug|Any CPU
		Release|Any CPU = Release|Any CPU
	EndGlobalSection
	GlobalSection(ProjectConfigurationPlatforms) = postSolution
		{2FD21CA3-B759-4124-9BF2-E60EEC632550}.Debug|Any CPU.ActiveCfg = Debug|Any CPU
		{2FD21CA3-B759-4124-9BF2-E60EEC632550}.Debug|Any CPU.Build.0 = Debug|Any CPU
		{2FD21CA3-B759-4124-9BF2-E60EEC632550}.Release|Any CPU.ActiveCfg = Release|Any CPU
		{2FD21CA3-B759-4124-9BF2-E60EEC632550}.Release|Any CPU.Build.0 = Release|Any CPU
	EndGlobalSection
	GlobalSection(SolutionProperties) = preSolution
		HideSolutionNode = FALSE
	EndGlobalSection
	GlobalSection(ExtensibilityGlobals) = postSolution
		SolutionGuid = {C432E04A-6BF5-4FC8-ABBD-9B9B2EDD37B4}
	EndGlobalSection
EndGlobal
