
Microsoft Visual Studio Solution File, Format Version 12.00
# Visual Studio Version 17
VisualStudioVersion = 17.7.34202.233
MinimumVisualStudioVersion = 10.0.40219.1
Project("{FAE04EC0-301F-11D3-BF4B-00C04F79EFBC}") = "FileIO_Operations", "FileIO_Operations\FileIO_Operations.csproj", "{BE414441-5D0B-4A9B-965E-6170426DFB76}"
EndProject
Global
	GlobalSection(SolutionConfigurationPlatforms) = preSolution
		Debug|Any CPU = Debug|Any CPU
		Release|Any CPU = Release|Any CPU
	EndGlobalSection
	GlobalSection(ProjectConfigurationPlatforms) = postSolution
		{BE414441-5D0B-4A9B-965E-6170426DFB76}.Debug|Any CPU.ActiveCfg = Debug|Any CPU
		{BE414441-5D0B-4A9B-965E-6170426DFB76}.Debug|Any CPU.Build.0 = Debug|Any CPU
		{BE414441-5D0B-4A9B-965E-6170426DFB76}.Release|Any CPU.ActiveCfg = Release|Any CPU
		{BE414441-5D0B-4A9B-965E-6170426DFB76}.Release|Any CPU.Build.0 = Release|Any CPU
	EndGlobalSection
	GlobalSection(SolutionProperties) = preSolution
		HideSolutionNode = FALSE
	EndGlobalSection
	GlobalSection(ExtensibilityGlobals) = postSolution
		SolutionGuid = {D4030DE5-04B1-4947-893F-F54426525F1A}
	EndGlobalSection
EndGlobal
