
Microsoft Visual Studio Solution File, Format Version 12.00
# Visual Studio Version 17
VisualStudioVersion = 17.7.34202.233
MinimumVisualStudioVersion = 10.0.40219.1
Project("{FAE04EC0-301F-11D3-BF4B-00C04F79EFBC}") = "consultantWebAPI", "consultantWebAPI\consultantWebAPI.csproj", "{DD3CA47C-0DD3-4F34-A755-58C406C4AE6A}"
EndProject
Global
	GlobalSection(SolutionConfigurationPlatforms) = preSolution
		Debug|Any CPU = Debug|Any CPU
		Release|Any CPU = Release|Any CPU
	EndGlobalSection
	GlobalSection(ProjectConfigurationPlatforms) = postSolution
		{DD3CA47C-0DD3-4F34-A755-58C406C4AE6A}.Debug|Any CPU.ActiveCfg = Debug|Any CPU
		{DD3CA47C-0DD3-4F34-A755-58C406C4AE6A}.Debug|Any CPU.Build.0 = Debug|Any CPU
		{DD3CA47C-0DD3-4F34-A755-58C406C4AE6A}.Release|Any CPU.ActiveCfg = Release|Any CPU
		{DD3CA47C-0DD3-4F34-A755-58C406C4AE6A}.Release|Any CPU.Build.0 = Release|Any CPU
	EndGlobalSection
	GlobalSection(SolutionProperties) = preSolution
		HideSolutionNode = FALSE
	EndGlobalSection
	GlobalSection(ExtensibilityGlobals) = postSolution
		SolutionGuid = {121F4BC7-DD02-4712-9EA2-BBC39A26B62B}
	EndGlobalSection
EndGlobal
